
Microsoft Visual Studio Solution File, Format Version 12.00
# Visual Studio Version 17
VisualStudioVersion = 17.3.32929.385
MinimumVisualStudioVersion = 10.0.40219.1
Project("{FAE04EC0-301F-11D3-BF4B-00C04F79EFBC}") = "ConsoleApp7", "ConsoleApp7\ConsoleApp7.csproj", "{72060E14-3E08-4F05-BCCC-95C85D023433}"
EndProject
Global
	GlobalSection(SolutionConfigurationPlatforms) = preSolution
		Debug|Any CPU = Debug|Any CPU
		Release|Any CPU = Release|Any CPU
	EndGlobalSection
	GlobalSection(ProjectConfigurationPlatforms) = postSolution
		{72060E14-3E08-4F05-BCCC-95C85D023433}.Debug|Any CPU.ActiveCfg = Debug|Any CPU
		{72060E14-3E08-4F05-BCCC-95C85D023433}.Debug|Any CPU.Build.0 = Debug|Any CPU
		{72060E14-3E08-4F05-BCCC-95C85D023433}.Release|Any CPU.ActiveCfg = Release|Any CPU
		{72060E14-3E08-4F05-BCCC-95C85D023433}.Release|Any CPU.Build.0 = Release|Any CPU
	EndGlobalSection
	GlobalSection(SolutionProperties) = preSolution
		HideSolutionNode = FALSE
	EndGlobalSection
	GlobalSection(ExtensibilityGlobals) = postSolution
		SolutionGuid = {6D50F85D-759B-4074-8304-ACBBD960FAE5}
	EndGlobalSection
EndGlobal
